
Microsoft Visual Studio Solution File, Format Version 12.00
# Visual Studio 15
VisualStudioVersion = 15.0.28307.705
MinimumVisualStudioVersion = 10.0.40219.1
Project("{FAE04EC0-301F-11D3-BF4B-00C04F79EFBC}") = "Daily.Web", "Daily.Web\Daily.Web.csproj", "{C37C20D1-A155-412B-8180-3AE9B4B312FE}"
EndProject
Project("{FAE04EC0-301F-11D3-BF4B-00C04F79EFBC}") = "Daily.Service", "Daily.Service\Daily.Service.csproj", "{B6B3F094-DF83-47D3-BBBA-F3BB551D0980}"
EndProject
Project("{FAE04EC0-301F-11D3-BF4B-00C04F79EFBC}") = "Daily.Data", "Daily.Data\Daily.Data.csproj", "{E980D8D3-56E4-4A2A-88F9-10A54C814F17}"
EndProject
Global
	GlobalSection(SolutionConfigurationPlatforms) = preSolution
		Debug|Any CPU = Debug|Any CPU
		Release|Any CPU = Release|Any CPU
	EndGlobalSection
	GlobalSection(ProjectConfigurationPlatforms) = postSolution
		{C37C20D1-A155-412B-8180-3AE9B4B312FE}.Debug|Any CPU.ActiveCfg = Debug|Any CPU
		{C37C20D1-A155-412B-8180-3AE9B4B312FE}.Debug|Any CPU.Build.0 = Debug|Any CPU
		{C37C20D1-A155-412B-8180-3AE9B4B312FE}.Release|Any CPU.ActiveCfg = Release|Any CPU
		{C37C20D1-A155-412B-8180-3AE9B4B312FE}.Release|Any CPU.Build.0 = Release|Any CPU
		{B6B3F094-DF83-47D3-BBBA-F3BB551D0980}.Debug|Any CPU.ActiveCfg = Debug|Any CPU
		{B6B3F094-DF83-47D3-BBBA-F3BB551D0980}.Debug|Any CPU.Build.0 = Debug|Any CPU
		{B6B3F094-DF83-47D3-BBBA-F3BB551D0980}.Release|Any CPU.ActiveCfg = Release|Any CPU
		{B6B3F094-DF83-47D3-BBBA-F3BB551D0980}.Release|Any CPU.Build.0 = Release|Any CPU
		{E980D8D3-56E4-4A2A-88F9-10A54C814F17}.Debug|Any CPU.ActiveCfg = Debug|Any CPU
		{E980D8D3-56E4-4A2A-88F9-10A54C814F17}.Debug|Any CPU.Build.0 = Debug|Any CPU
		{E980D8D3-56E4-4A2A-88F9-10A54C814F17}.Release|Any CPU.ActiveCfg = Release|Any CPU
		{E980D8D3-56E4-4A2A-88F9-10A54C814F17}.Release|Any CPU.Build.0 = Release|Any CPU
	EndGlobalSection
	GlobalSection(SolutionProperties) = preSolution
		HideSolutionNode = FALSE
	EndGlobalSection
	GlobalSection(ExtensibilityGlobals) = postSolution
		SolutionGuid = {BA893407-5C94-4B34-8039-0C9E6D3E5C35}
	EndGlobalSection
EndGlobal
